// !$*UTF8*$!
{
	archiveVersion = 1;
	classes = {
	};
	objectVersion = 46;
	objects = {

/* Begin PBXBuildFile section */
		8A2E7F61194423D0001C5871 /* la.zach.morsecodekeyboard.keyboard.appex in Embed App Extensions */ = {isa = PBXBuildFile; fileRef = 8AC54AB519403C4600F083DC /* la.zach.morsecodekeyboard.keyboard.appex */; };
		8AC54A9119403C3200F083DC /* main.m in Sources */ = {isa = PBXBuildFile; fileRef = 8AC54A9019403C3200F083DC /* main.m */; };
		8AC54A9419403C3200F083DC /* AppDelegate.m in Sources */ = {isa = PBXBuildFile; fileRef = 8AC54A9319403C3200F083DC /* AppDelegate.m */; };
		8AC54A9719403C3200F083DC /* TextEntryViewController.m in Sources */ = {isa = PBXBuildFile; fileRef = 8AC54A9619403C3200F083DC /* TextEntryViewController.m */; };
		8AC54A9A19403C3200F083DC /* Main.storyboard in Resources */ = {isa = PBXBuildFile; fileRef = 8AC54A9819403C3200F083DC /* Main.storyboard */; };
		8AC54A9C19403C3200F083DC /* Images.xcassets in Resources */ = {isa = PBXBuildFile; fileRef = 8AC54A9B19403C3200F083DC /* Images.xcassets */; };
		8AC54AA819403C3200F083DC /* MorseCodeTests.m in Sources */ = {isa = PBXBuildFile; fileRef = 8AC54AA719403C3200F083DC /* MorseCodeTests.m */; };
		8AC54ABB19403C4700F083DC /* KeyboardViewController.m in Sources */ = {isa = PBXBuildFile; fileRef = 8AC54ABA19403C4700F083DC /* KeyboardViewController.m */; };
		8AC54AC719403CF700F083DC /* MorseCodeGestureView.m in Sources */ = {isa = PBXBuildFile; fileRef = 8AC54AC619403CF700F083DC /* MorseCodeGestureView.m */; };
/* End PBXBuildFile section */

/* Begin PBXContainerItemProxy section */
		8A0F200E19440E9800D792E1 /* PBXContainerItemProxy */ = {
			isa = PBXContainerItemProxy;
			containerPortal = 8AC54A8319403C3200F083DC /* Project object */;
			proxyType = 1;
			remoteGlobalIDString = 8AC54A8A19403C3200F083DC;
			remoteInfo = MorseCode;
		};
		8A0F201019440E9800D792E1 /* PBXContainerItemProxy */ = {
			isa = PBXContainerItemProxy;
			containerPortal = 8AC54A8319403C3200F083DC /* Project object */;
			proxyType = 1;
			remoteGlobalIDString = 8AC54A8A19403C3200F083DC;
			remoteInfo = MorseCode;
		};
		8A2E7F62194423D0001C5871 /* PBXContainerItemProxy */ = {
			isa = PBXContainerItemProxy;
			containerPortal = 8AC54A8319403C3200F083DC /* Project object */;
			proxyType = 1;
			remoteGlobalIDString = 8AC54AB419403C4600F083DC;
			remoteInfo = MorseCodeKeyboard;
		};
		8A2E7F64194423F5001C5871 /* PBXContainerItemProxy */ = {
			isa = PBXContainerItemProxy;
			containerPortal = 8AC54A8319403C3200F083DC /* Project object */;
			proxyType = 1;
			remoteGlobalIDString = 8AC54A8A19403C3200F083DC;
			remoteInfo = MorseCode;
		};
		8A2E7F66194423F5001C5871 /* PBXContainerItemProxy */ = {
			isa = PBXContainerItemProxy;
			containerPortal = 8AC54A8319403C3200F083DC /* Project object */;
			proxyType = 1;
			remoteGlobalIDString = 8AC54A8A19403C3200F083DC;
			remoteInfo = MorseCode;
		};
		8A2E7F68194423FB001C5871 /* PBXContainerItemProxy */ = {
			isa = PBXContainerItemProxy;
			containerPortal = 8AC54A8319403C3200F083DC /* Project object */;
			proxyType = 1;
			remoteGlobalIDString = 8AC54A8A19403C3200F083DC;
			remoteInfo = MorseCode;
		};
		8AC54AA219403C3200F083DC /* PBXContainerItemProxy */ = {
			isa = PBXContainerItemProxy;
			containerPortal = 8AC54A8319403C3200F083DC /* Project object */;
			proxyType = 1;
			remoteGlobalIDString = 8AC54A8A19403C3200F083DC;
			remoteInfo = MorseCode;
		};
		8AC54ABC19403C4700F083DC /* PBXContainerItemProxy */ = {
			isa = PBXContainerItemProxy;
			containerPortal = 8AC54A8319403C3200F083DC /* Project object */;
			proxyType = 1;
			remoteGlobalIDString = 8AC54AB419403C4600F083DC;
			remoteInfo = MorseCodeKeyboard;
		};
		8AC54ABF19403C4700F083DC /* PBXContainerItemProxy */ = {
			isa = PBXContainerItemProxy;
			containerPortal = 8AC54A8319403C3200F083DC /* Project object */;
			proxyType = 1;
			remoteGlobalIDString = 8AC54AB419403C4600F083DC;
			remoteInfo = MorseCodeKeyboard;
		};
		8AC91EF419440C000026C45D /* PBXContainerItemProxy */ = {
			isa = PBXContainerItemProxy;
			containerPortal = 8AC54A8319403C3200F083DC /* Project object */;
			proxyType = 1;
			remoteGlobalIDString = 8AC54A8A19403C3200F083DC;
			remoteInfo = MorseCode;
		};
		8AC91EF619440C010026C45D /* PBXContainerItemProxy */ = {
			isa = PBXContainerItemProxy;
			containerPortal = 8AC54A8319403C3200F083DC /* Project object */;
			proxyType = 1;
			remoteGlobalIDString = 8AC54A8A19403C3200F083DC;
			remoteInfo = MorseCode;
		};
		8AC91EF819440C720026C45D /* PBXContainerItemProxy */ = {
			isa = PBXContainerItemProxy;
			containerPortal = 8AC54A8319403C3200F083DC /* Project object */;
			proxyType = 1;
			remoteGlobalIDString = 8AC54A8A19403C3200F083DC;
			remoteInfo = MorseCode;
		};
/* End PBXContainerItemProxy section */

/* Begin PBXCopyFilesBuildPhase section */
		8AC54AC419403C4700F083DC /* Embed App Extensions */ = {
			isa = PBXCopyFilesBuildPhase;
			buildActionMask = 2147483647;
			dstPath = "";
			dstSubfolderSpec = 13;
			files = (
				8A2E7F61194423D0001C5871 /* la.zach.morsecodekeyboard.keyboard.appex in Embed App Extensions */,
			);
			name = "Embed App Extensions";
			runOnlyForDeploymentPostprocessing = 0;
		};
/* End PBXCopyFilesBuildPhase section */

/* Begin PBXFileReference section */
		8AC54A8B19403C3200F083DC /* MorseCode.app */ = {isa = PBXFileReference; explicitFileType = wrapper.application; includeInIndex = 0; path = MorseCode.app; sourceTree = BUILT_PRODUCTS_DIR; };
		8AC54A8F19403C3200F083DC /* Info.plist */ = {isa = PBXFileReference; lastKnownFileType = text.plist.xml; path = Info.plist; sourceTree = "<group>"; };
		8AC54A9019403C3200F083DC /* main.m */ = {isa = PBXFileReference; lastKnownFileType = sourcecode.c.objc; path = main.m; sourceTree = "<group>"; };
		8AC54A9219403C3200F083DC /* AppDelegate.h */ = {isa = PBXFileReference; lastKnownFileType = sourcecode.c.h; path = AppDelegate.h; sourceTree = "<group>"; };
		8AC54A9319403C3200F083DC /* AppDelegate.m */ = {isa = PBXFileReference; lastKnownFileType = sourcecode.c.objc; path = AppDelegate.m; sourceTree = "<group>"; };
		8AC54A9519403C3200F083DC /* TextEntryViewController.h */ = {isa = PBXFileReference; lastKnownFileType = sourcecode.c.h; path = TextEntryViewController.h; sourceTree = "<group>"; };
		8AC54A9619403C3200F083DC /* TextEntryViewController.m */ = {isa = PBXFileReference; lastKnownFileType = sourcecode.c.objc; path = TextEntryViewController.m; sourceTree = "<group>"; };
		8AC54A9919403C3200F083DC /* Base */ = {isa = PBXFileReference; lastKnownFileType = file.storyboard; name = Base; path = Base.lproj/Main.storyboard; sourceTree = "<group>"; };
		8AC54A9B19403C3200F083DC /* Images.xcassets */ = {isa = PBXFileReference; lastKnownFileType = folder.assetcatalog; path = Images.xcassets; sourceTree = "<group>"; };
		8AC54AA119403C3200F083DC /* MorseCodeTests.xctest */ = {isa = PBXFileReference; explicitFileType = wrapper.cfbundle; includeInIndex = 0; path = MorseCodeTests.xctest; sourceTree = BUILT_PRODUCTS_DIR; };
		8AC54AA619403C3200F083DC /* Info.plist */ = {isa = PBXFileReference; lastKnownFileType = text.plist.xml; path = Info.plist; sourceTree = "<group>"; };
		8AC54AA719403C3200F083DC /* MorseCodeTests.m */ = {isa = PBXFileReference; lastKnownFileType = sourcecode.c.objc; path = MorseCodeTests.m; sourceTree = "<group>"; };
		8AC54AB519403C4600F083DC /* la.zach.morsecodekeyboard.keyboard.appex */ = {isa = PBXFileReference; explicitFileType = "wrapper.app-extension"; includeInIndex = 0; path = la.zach.morsecodekeyboard.keyboard.appex; sourceTree = BUILT_PRODUCTS_DIR; };
		8AC54AB819403C4700F083DC /* Info.plist */ = {isa = PBXFileReference; lastKnownFileType = text.plist.xml; path = Info.plist; sourceTree = "<group>"; };
		8AC54AB919403C4700F083DC /* KeyboardViewController.h */ = {isa = PBXFileReference; lastKnownFileType = sourcecode.c.h; path = KeyboardViewController.h; sourceTree = "<group>"; };
		8AC54ABA19403C4700F083DC /* KeyboardViewController.m */ = {isa = PBXFileReference; lastKnownFileType = sourcecode.c.objc; path = KeyboardViewController.m; sourceTree = "<group>"; };
		8AC54AC519403CF700F083DC /* MorseCodeGestureView.h */ = {isa = PBXFileReference; fileEncoding = 4; lastKnownFileType = sourcecode.c.h; path = MorseCodeGestureView.h; sourceTree = "<group>"; };
		8AC54AC619403CF700F083DC /* MorseCodeGestureView.m */ = {isa = PBXFileReference; fileEncoding = 4; lastKnownFileType = sourcecode.c.objc; path = MorseCodeGestureView.m; sourceTree = "<group>"; };
/* End PBXFileReference section */

/* Begin PBXFrameworksBuildPhase section */
		8AC54A8819403C3200F083DC /* Frameworks */ = {
			isa = PBXFrameworksBuildPhase;
			buildActionMask = 2147483647;
			files = (
			);
			runOnlyForDeploymentPostprocessing = 0;
		};
		8AC54A9E19403C3200F083DC /* Frameworks */ = {
			isa = PBXFrameworksBuildPhase;
			buildActionMask = 2147483647;
			files = (
			);
			runOnlyForDeploymentPostprocessing = 0;
		};
		8AC54AB219403C4600F083DC /* Frameworks */ = {
			isa = PBXFrameworksBuildPhase;
			buildActionMask = 2147483647;
			files = (
			);
			runOnlyForDeploymentPostprocessing = 0;
		};
/* End PBXFrameworksBuildPhase section */

/* Begin PBXGroup section */
		8AC54A8219403C3200F083DC = {
			isa = PBXGroup;
			children = (
				8AC54A8D19403C3200F083DC /* MorseCode */,
				8AC54AB619403C4700F083DC /* MorseCodeKeyboard */,
				8AC54AA419403C3200F083DC /* MorseCodeTests */,
				8AC54A8C19403C3200F083DC /* Products */,
			);
			sourceTree = "<group>";
		};
		8AC54A8C19403C3200F083DC /* Products */ = {
			isa = PBXGroup;
			children = (
				8AC54A8B19403C3200F083DC /* MorseCode.app */,
				8AC54AA119403C3200F083DC /* MorseCodeTests.xctest */,
				8AC54AB519403C4600F083DC /* la.zach.morsecodekeyboard.keyboard.appex */,
			);
			name = Products;
			sourceTree = "<group>";
		};
		8AC54A8D19403C3200F083DC /* MorseCode */ = {
			isa = PBXGroup;
			children = (
				8AC54A9219403C3200F083DC /* AppDelegate.h */,
				8AC54A9319403C3200F083DC /* AppDelegate.m */,
				8AC54A9519403C3200F083DC /* TextEntryViewController.h */,
				8AC54A9619403C3200F083DC /* TextEntryViewController.m */,
				8AC54A9819403C3200F083DC /* Main.storyboard */,
				8AC54A9B19403C3200F083DC /* Images.xcassets */,
				8AC54A8E19403C3200F083DC /* Supporting Files */,
			);
			path = MorseCode;
			sourceTree = "<group>";
		};
		8AC54A8E19403C3200F083DC /* Supporting Files */ = {
			isa = PBXGroup;
			children = (
				8AC54A8F19403C3200F083DC /* Info.plist */,
				8AC54A9019403C3200F083DC /* main.m */,
			);
			name = "Supporting Files";
			sourceTree = "<group>";
		};
		8AC54AA419403C3200F083DC /* MorseCodeTests */ = {
			isa = PBXGroup;
			children = (
				8AC54AA719403C3200F083DC /* MorseCodeTests.m */,
				8AC54AA519403C3200F083DC /* Supporting Files */,
			);
			path = MorseCodeTests;
			sourceTree = "<group>";
		};
		8AC54AA519403C3200F083DC /* Supporting Files */ = {
			isa = PBXGroup;
			children = (
				8AC54AA619403C3200F083DC /* Info.plist */,
			);
			name = "Supporting Files";
			sourceTree = "<group>";
		};
		8AC54AB619403C4700F083DC /* MorseCodeKeyboard */ = {
			isa = PBXGroup;
			children = (
				8AC54AB919403C4700F083DC /* KeyboardViewController.h */,
				8AC54ABA19403C4700F083DC /* KeyboardViewController.m */,
				8AC54AC519403CF700F083DC /* MorseCodeGestureView.h */,
				8AC54AC619403CF700F083DC /* MorseCodeGestureView.m */,
				8AC54AB719403C4700F083DC /* Supporting Files */,
			);
			path = MorseCodeKeyboard;
			sourceTree = "<group>";
		};
		8AC54AB719403C4700F083DC /* Supporting Files */ = {
			isa = PBXGroup;
			children = (
				8AC54AB819403C4700F083DC /* Info.plist */,
			);
			name = "Supporting Files";
			sourceTree = "<group>";
		};
/* End PBXGroup section */

/* Begin PBXNativeTarget section */
		8AC54A8A19403C3200F083DC /* MorseCode */ = {
			isa = PBXNativeTarget;
			buildConfigurationList = 8AC54AAB19403C3200F083DC /* Build configuration list for PBXNativeTarget "MorseCode" */;
			buildPhases = (
				8AC54A8719403C3200F083DC /* Sources */,
				8AC54A8819403C3200F083DC /* Frameworks */,
				8AC54A8919403C3200F083DC /* Resources */,
				8AC54AC419403C4700F083DC /* Embed App Extensions */,
			);
			buildRules = (
			);
			dependencies = (
				8AC54ABD19403C4700F083DC /* PBXTargetDependency */,
				8AC54AC019403C4700F083DC /* PBXTargetDependency */,
				8A2E7F63194423D0001C5871 /* PBXTargetDependency */,
			);
			name = MorseCode;
			productName = MorseCode;
			productReference = 8AC54A8B19403C3200F083DC /* MorseCode.app */;
			productType = "com.apple.product-type.application";
		};
		8AC54AA019403C3200F083DC /* MorseCodeTests */ = {
			isa = PBXNativeTarget;
			buildConfigurationList = 8AC54AAE19403C3200F083DC /* Build configuration list for PBXNativeTarget "MorseCodeTests" */;
			buildPhases = (
				8AC54A9D19403C3200F083DC /* Sources */,
				8AC54A9E19403C3200F083DC /* Frameworks */,
				8AC54A9F19403C3200F083DC /* Resources */,
			);
			buildRules = (
			);
			dependencies = (
				8AC54AA319403C3200F083DC /* PBXTargetDependency */,
				8AC91EF519440C000026C45D /* PBXTargetDependency */,
				8AC91EF719440C010026C45D /* PBXTargetDependency */,
				8AC91EF919440C720026C45D /* PBXTargetDependency */,
				8A0F200F19440E9800D792E1 /* PBXTargetDependency */,
				8A0F201119440E9800D792E1 /* PBXTargetDependency */,
				8A2E7F65194423F5001C5871 /* PBXTargetDependency */,
				8A2E7F67194423F5001C5871 /* PBXTargetDependency */,
				8A2E7F69194423FB001C5871 /* PBXTargetDependency */,
			);
			name = MorseCodeTests;
			productName = MorseCodeTests;
			productReference = 8AC54AA119403C3200F083DC /* MorseCodeTests.xctest */;
			productType = "com.apple.product-type.bundle.unit-test";
		};
		8AC54AB419403C4600F083DC /* MorseCodeKeyboard */ = {
			isa = PBXNativeTarget;
			buildConfigurationList = 8AC54AC119403C4700F083DC /* Build configuration list for PBXNativeTarget "MorseCodeKeyboard" */;
			buildPhases = (
				8AC54AB119403C4600F083DC /* Sources */,
				8AC54AB219403C4600F083DC /* Frameworks */,
				8AC54AB319403C4600F083DC /* Resources */,
			);
			buildRules = (
			);
			dependencies = (
			);
			name = MorseCodeKeyboard;
			productName = MorseCodeKeyboard;
			productReference = 8AC54AB519403C4600F083DC /* la.zach.morsecodekeyboard.keyboard.appex */;
			productType = "com.apple.product-type.app-extension";
		};
/* End PBXNativeTarget section */

/* Begin PBXProject section */
		8AC54A8319403C3200F083DC /* Project object */ = {
			isa = PBXProject;
			attributes = {
				LastUpgradeCheck = 0600;
				ORGANIZATIONNAME = "Zach Howe";
				TargetAttributes = {
					8AC54A8A19403C3200F083DC = {
						CreatedOnToolsVersion = 6.0;
						DevelopmentTeam = 84HK3V39BY;
					};
					8AC54AA019403C3200F083DC = {
						CreatedOnToolsVersion = 6.0;
						TestTargetID = 8AC54A8A19403C3200F083DC;
					};
					8AC54AB419403C4600F083DC = {
						CreatedOnToolsVersion = 6.0;
						DevelopmentTeam = 84HK3V39BY;
					};
				};
			};
			buildConfigurationList = 8AC54A8619403C3200F083DC /* Build configuration list for PBXProject "MorseCode" */;
			compatibilityVersion = "Xcode 3.2";
			developmentRegion = English;
			hasScannedForEncodings = 0;
			knownRegions = (
				en,
				Base,
			);
			mainGroup = 8AC54A8219403C3200F083DC;
			productRefGroup = 8AC54A8C19403C3200F083DC /* Products */;
			projectDirPath = "";
			projectRoot = "";
			targets = (
				8AC54A8A19403C3200F083DC /* MorseCode */,
				8AC54AB419403C4600F083DC /* MorseCodeKeyboard */,
				8AC54AA019403C3200F083DC /* MorseCodeTests */,
			);
		};
/* End PBXProject section */

/* Begin PBXResourcesBuildPhase section */
		8AC54A8919403C3200F083DC /* Resources */ = {
			isa = PBXResourcesBuildPhase;
			buildActionMask = 2147483647;
			files = (
				8AC54A9A19403C3200F083DC /* Main.storyboard in Resources */,
				8AC54A9C19403C3200F083DC /* Images.xcassets in Resources */,
			);
			runOnlyForDeploymentPostprocessing = 0;
		};
		8AC54A9F19403C3200F083DC /* Resources */ = {
			isa = PBXResourcesBuildPhase;
			buildActionMask = 2147483647;
			files = (
			);
			runOnlyForDeploymentPostprocessing = 0;
		};
		8AC54AB319403C4600F083DC /* Resources */ = {
			isa = PBXResourcesBuildPhase;
			buildActionMask = 2147483647;
			files = (
			);
			runOnlyForDeploymentPostprocessing = 0;
		};
/* End PBXResourcesBuildPhase section */

/* Begin PBXSourcesBuildPhase section */
		8AC54A8719403C3200F083DC /* Sources */ = {
			isa = PBXSourcesBuildPhase;
			buildActionMask = 2147483647;
			files = (
				8AC54A9719403C3200F083DC /* TextEntryViewController.m in Sources */,
				8AC54A9419403C3200F083DC /* AppDelegate.m in Sources */,
				8AC54A9119403C3200F083DC /* main.m in Sources */,
			);
			runOnlyForDeploymentPostprocessing = 0;
		};
		8AC54A9D19403C3200F083DC /* Sources */ = {
			isa = PBXSourcesBuildPhase;
			buildActionMask = 2147483647;
			files = (
				8AC54AA819403C3200F083DC /* MorseCodeTests.m in Sources */,
			);
			runOnlyForDeploymentPostprocessing = 0;
		};
		8AC54AB119403C4600F083DC /* Sources */ = {
			isa = PBXSourcesBuildPhase;
			buildActionMask = 2147483647;
			files = (
				8AC54AC719403CF700F083DC /* MorseCodeGestureView.m in Sources */,
				8AC54ABB19403C4700F083DC /* KeyboardViewController.m in Sources */,
			);
			runOnlyForDeploymentPostprocessing = 0;
		};
/* End PBXSourcesBuildPhase section */

/* Begin PBXTargetDependency section */
		8A0F200F19440E9800D792E1 /* PBXTargetDependency */ = {
			isa = PBXTargetDependency;
			target = 8AC54A8A19403C3200F083DC /* MorseCode */;
			targetProxy = 8A0F200E19440E9800D792E1 /* PBXContainerItemProxy */;
		};
		8A0F201119440E9800D792E1 /* PBXTargetDependency */ = {
			isa = PBXTargetDependency;
			target = 8AC54A8A19403C3200F083DC /* MorseCode */;
			targetProxy = 8A0F201019440E9800D792E1 /* PBXContainerItemProxy */;
		};
		8A2E7F63194423D0001C5871 /* PBXTargetDependency */ = {
			isa = PBXTargetDependency;
			target = 8AC54AB419403C4600F083DC /* MorseCodeKeyboard */;
			targetProxy = 8A2E7F62194423D0001C5871 /* PBXContainerItemProxy */;
		};
		8A2E7F65194423F5001C5871 /* PBXTargetDependency */ = {
			isa = PBXTargetDependency;
			target = 8AC54A8A19403C3200F083DC /* MorseCode */;
			targetProxy = 8A2E7F64194423F5001C5871 /* PBXContainerItemProxy */;
		};
		8A2E7F67194423F5001C5871 /* PBXTargetDependency */ = {
			isa = PBXTargetDependency;
			target = 8AC54A8A19403C3200F083DC /* MorseCode */;
			targetProxy = 8A2E7F66194423F5001C5871 /* PBXContainerItemProxy */;
		};
		8A2E7F69194423FB001C5871 /* PBXTargetDependency */ = {
			isa = PBXTargetDependency;
			target = 8AC54A8A19403C3200F083DC /* MorseCode */;
			targetProxy = 8A2E7F68194423FB001C5871 /* PBXContainerItemProxy */;
		};
		8AC54AA319403C3200F083DC /* PBXTargetDependency */ = {
			isa = PBXTargetDependency;
			target = 8AC54A8A19403C3200F083DC /* MorseCode */;
			targetProxy = 8AC54AA219403C3200F083DC /* PBXContainerItemProxy */;
		};
		8AC54ABD19403C4700F083DC /* PBXTargetDependency */ = {
			isa = PBXTargetDependency;
			target = 8AC54AB419403C4600F083DC /* MorseCodeKeyboard */;
			targetProxy = 8AC54ABC19403C4700F083DC /* PBXContainerItemProxy */;
		};
		8AC54AC019403C4700F083DC /* PBXTargetDependency */ = {
			isa = PBXTargetDependency;
			target = 8AC54AB419403C4600F083DC /* MorseCodeKeyboard */;
			targetProxy = 8AC54ABF19403C4700F083DC /* PBXContainerItemProxy */;
		};
		8AC91EF519440C000026C45D /* PBXTargetDependency */ = {
			isa = PBXTargetDependency;
			target = 8AC54A8A19403C3200F083DC /* MorseCode */;
			targetProxy = 8AC91EF419440C000026C45D /* PBXContainerItemProxy */;
		};
		8AC91EF719440C010026C45D /* PBXTargetDependency */ = {
			isa = PBXTargetDependency;
			target = 8AC54A8A19403C3200F083DC /* MorseCode */;
			targetProxy = 8AC91EF619440C010026C45D /* PBXContainerItemProxy */;
		};
		8AC91EF919440C720026C45D /* PBXTargetDependency */ = {
			isa = PBXTargetDependency;
			target = 8AC54A8A19403C3200F083DC /* MorseCode */;
			targetProxy = 8AC91EF819440C720026C45D /* PBXContainerItemProxy */;
		};
/* End PBXTargetDependency section */

/* Begin PBXVariantGroup section */
		8AC54A9819403C3200F083DC /* Main.storyboard */ = {
			isa = PBXVariantGroup;
			children = (
				8AC54A9919403C3200F083DC /* Base */,
			);
			name = Main.storyboard;
			sourceTree = "<group>";
		};
/* End PBXVariantGroup section */

/* Begin XCBuildConfiguration section */
		8AC54AA919403C3200F083DC /* Debug */ = {
			isa = XCBuildConfiguration;
			buildSettings = {
				ALWAYS_SEARCH_USER_PATHS = NO;
				CLANG_CXX_LANGUAGE_STANDARD = "gnu++0x";
				CLANG_CXX_LIBRARY = "libc++";
				CLANG_ENABLE_MODULES = YES;
				CLANG_ENABLE_OBJC_ARC = YES;
				CLANG_WARN_BOOL_CONVERSION = YES;
				CLANG_WARN_CONSTANT_CONVERSION = YES;
				CLANG_WARN_DIRECT_OBJC_ISA_USAGE = YES_ERROR;
				CLANG_WARN_EMPTY_BODY = YES;
				CLANG_WARN_ENUM_CONVERSION = YES;
				CLANG_WARN_INT_CONVERSION = YES;
				CLANG_WARN_OBJC_ROOT_CLASS = YES_ERROR;
				CLANG_WARN_UNREACHABLE_CODE = YES;
				CLANG_WARN__DUPLICATE_METHOD_MATCH = YES;
				"CODE_SIGN_IDENTITY[sdk=iphoneos*]" = "iPhone Developer";
				COPY_PHASE_STRIP = NO;
				ENABLE_STRICT_OBJC_MSGSEND = YES;
				GCC_C_LANGUAGE_STANDARD = gnu99;
				GCC_DYNAMIC_NO_PIC = NO;
				GCC_OPTIMIZATION_LEVEL = 0;
				GCC_PREPROCESSOR_DEFINITIONS = (
					"DEBUG=1",
					"$(inherited)",
				);
				GCC_SYMBOLS_PRIVATE_EXTERN = NO;
				GCC_WARN_64_TO_32_BIT_CONVERSION = YES;
				GCC_WARN_ABOUT_RETURN_TYPE = YES_ERROR;
				GCC_WARN_UNDECLARED_SELECTOR = YES;
				GCC_WARN_UNINITIALIZED_AUTOS = YES_AGGRESSIVE;
				GCC_WARN_UNUSED_FUNCTION = YES;
				GCC_WARN_UNUSED_VARIABLE = YES;
				IPHONEOS_DEPLOYMENT_TARGET = 8.0;
				METAL_ENABLE_DEBUG_INFO = YES;
				ONLY_ACTIVE_ARCH = YES;
				SDKROOT = iphoneos;
			};
			name = Debug;
		};
		8AC54AAA19403C3200F083DC /* Release */ = {
			isa = XCBuildConfiguration;
			buildSettings = {
				ALWAYS_SEARCH_USER_PATHS = NO;
				CLANG_CXX_LANGUAGE_STANDARD = "gnu++0x";
				CLANG_CXX_LIBRARY = "libc++";
				CLANG_ENABLE_MODULES = YES;
				CLANG_ENABLE_OBJC_ARC = YES;
				CLANG_WARN_BOOL_CONVERSION = YES;
				CLANG_WARN_CONSTANT_CONVERSION = YES;
				CLANG_WARN_DIRECT_OBJC_ISA_USAGE = YES_ERROR;
				CLANG_WARN_EMPTY_BODY = YES;
				CLANG_WARN_ENUM_CONVERSION = YES;
				CLANG_WARN_INT_CONVERSION = YES;
				CLANG_WARN_OBJC_ROOT_CLASS = YES_ERROR;
				CLANG_WARN_UNREACHABLE_CODE = YES;
				CLANG_WARN__DUPLICATE_METHOD_MATCH = YES;
				"CODE_SIGN_IDENTITY[sdk=iphoneos*]" = "iPhone Developer";
				COPY_PHASE_STRIP = YES;
				ENABLE_NS_ASSERTIONS = NO;
				ENABLE_STRICT_OBJC_MSGSEND = YES;
				GCC_C_LANGUAGE_STANDARD = gnu99;
				GCC_WARN_64_TO_32_BIT_CONVERSION = YES;
				GCC_WARN_ABOUT_RETURN_TYPE = YES_ERROR;
				GCC_WARN_UNDECLARED_SELECTOR = YES;
				GCC_WARN_UNINITIALIZED_AUTOS = YES_AGGRESSIVE;
				GCC_WARN_UNUSED_FUNCTION = YES;
				GCC_WARN_UNUSED_VARIABLE = YES;
				IPHONEOS_DEPLOYMENT_TARGET = 8.0;
				METAL_ENABLE_DEBUG_INFO = NO;
				SDKROOT = iphoneos;
				VALIDATE_PRODUCT = YES;
			};
			name = Release;
		};
		8AC54AAC19403C3200F083DC /* Debug */ = {
			isa = XCBuildConfiguration;
			buildSettings = {
				ASSETCATALOG_COMPILER_APPICON_NAME = AppIcon;
				ASSETCATALOG_COMPILER_LAUNCHIMAGE_NAME = LaunchImage;
				CODE_SIGN_IDENTITY = "iPhone Developer";
				INFOPLIST_FILE = MorseCode/Info.plist;
				LD_RUNPATH_SEARCH_PATHS = "$(inherited) @executable_path/Frameworks";
				PRODUCT_NAME = "$(TARGET_NAME)";
				TARGETED_DEVICE_FAMILY = "1,2";
			};
			name = Debug;
		};
		8AC54AAD19403C3200F083DC /* Release */ = {
			isa = XCBuildConfiguration;
			buildSettings = {
				ASSETCATALOG_COMPILER_APPICON_NAME = AppIcon;
				ASSETCATALOG_COMPILER_LAUNCHIMAGE_NAME = LaunchImage;
				CODE_SIGN_IDENTITY = "iPhone Developer";
				INFOPLIST_FILE = MorseCode/Info.plist;
				LD_RUNPATH_SEARCH_PATHS = "$(inherited) @executable_path/Frameworks";
				PRODUCT_NAME = "$(TARGET_NAME)";
				TARGETED_DEVICE_FAMILY = "1,2";
			};
			name = Release;
		};
		8AC54AAF19403C3200F083DC /* Debug */ = {
			isa = XCBuildConfiguration;
			buildSettings = {
				BUNDLE_LOADER = "$(BUILT_PRODUCTS_DIR)/MorseCode.app/MorseCode";
				FRAMEWORK_SEARCH_PATHS = (
					"$(SDKROOT)/Developer/Library/Frameworks",
					"$(inherited)",
				);
				GCC_PREPROCESSOR_DEFINITIONS = (
					"DEBUG=1",
					"$(inherited)",
				);
				INFOPLIST_FILE = MorseCodeTests/Info.plist;
				LD_RUNPATH_SEARCH_PATHS = "$(inherited) @executable_path/Frameworks @loader_path/Frameworks";
				METAL_ENABLE_DEBUG_INFO = YES;
				PRODUCT_NAME = "$(TARGET_NAME)";
				TEST_HOST = "$(BUNDLE_LOADER)";
			};
			name = Debug;
		};
		8AC54AB019403C3200F083DC /* Release */ = {
			isa = XCBuildConfiguration;
			buildSettings = {
				BUNDLE_LOADER = "$(BUILT_PRODUCTS_DIR)/MorseCode.app/MorseCode";
				FRAMEWORK_SEARCH_PATHS = (
					"$(SDKROOT)/Developer/Library/Frameworks",
					"$(inherited)",
				);
				INFOPLIST_FILE = MorseCodeTests/Info.plist;
				LD_RUNPATH_SEARCH_PATHS = "$(inherited) @executable_path/Frameworks @loader_path/Frameworks";
				METAL_ENABLE_DEBUG_INFO = NO;
				PRODUCT_NAME = "$(TARGET_NAME)";
				TEST_HOST = "$(BUNDLE_LOADER)";
			};
			name = Release;
		};
		8AC54AC219403C4700F083DC /* Debug */ = {
			isa = XCBuildConfiguration;
			buildSettings = {
				CODE_SIGN_IDENTITY = "iPhone Developer";
				GCC_PREPROCESSOR_DEFINITIONS = (
					"DEBUG=1",
					"$(inherited)",
				);
				INFOPLIST_FILE = MorseCodeKeyboard/Info.plist;
				LD_RUNPATH_SEARCH_PATHS = "$(inherited) @executable_path/Frameworks @executable_path/../../Frameworks";
				METAL_ENABLE_DEBUG_INFO = YES;
				PRODUCT_NAME = la.zach.morsecodekeyboard.keyboard;
				SKIP_INSTALL = YES;
			};
			name = Debug;
		};
		8AC54AC319403C4700F083DC /* Release */ = {
			isa = XCBuildConfiguration;
			buildSettings = {
				CODE_SIGN_IDENTITY = "iPhone Developer";
				INFOPLIST_FILE = MorseCodeKeyboard/Info.plist;
				LD_RUNPATH_SEARCH_PATHS = "$(inherited) @executable_path/Frameworks @executable_path/../../Frameworks";
				METAL_ENABLE_DEBUG_INFO = NO;
				PRODUCT_NAME = la.zach.morsecodekeyboard.keyboard;
				SKIP_INSTALL = YES;
			};
			name = Release;
		};
/* End XCBuildConfiguration section */

/* Begin XCConfigurationList section */
		8AC54A8619403C3200F083DC /* Build configuration list for PBXProject "MorseCode" */ = {
			isa = XCConfigurationList;
			buildConfigurations = (
				8AC54AA919403C3200F083DC /* Debug */,
				8AC54AAA19403C3200F083DC /* Release */,
			);
			defaultConfigurationIsVisible = 0;
			defaultConfigurationName = Release;
		};
		8AC54AAB19403C3200F083DC /* Build configuration list for PBXNativeTarget "MorseCode" */ = {
			isa = XCConfigurationList;
			buildConfigurations = (
				8AC54AAC19403C3200F083DC /* Debug */,
				8AC54AAD19403C3200F083DC /* Release */,
			);
			defaultConfigurationIsVisible = 0;
			defaultConfigurationName = Release;
		};
		8AC54AAE19403C3200F083DC /* Build configuration list for PBXNativeTarget "MorseCodeTests" */ = {
			isa = XCConfigurationList;
			buildConfigurations = (
				8AC54AAF19403C3200F083DC /* Debug */,
				8AC54AB019403C3200F083DC /* Release */,
			);
			defaultConfigurationIsVisible = 0;
			defaultConfigurationName = Release;
		};
		8AC54AC119403C4700F083DC /* Build configuration list for PBXNativeTarget "MorseCodeKeyboard" */ = {
			isa = XCConfigurationList;
			buildConfigurations = (
				8AC54AC219403C4700F083DC /* Debug */,
				8AC54AC319403C4700F083DC /* Release */,
			);
			defaultConfigurationIsVisible = 0;
			defaultConfigurationName = Release;
		};
/* End XCConfigurationList section */
	};
	rootObject = 8AC54A8319403C3200F083DC /* Project object */;
}
